
Microsoft Visual Studio Solution File, Format Version 12.00
# Visual Studio 15
Project("{FAE04EC0-301F-11D3-BF4B-00C04F79EFBC}") = "ZJV.WordSearch.Mobile.Android", "ZJV.WordSearch.Mobile.Android\ZJV.WordSearch.Mobile.Android.csproj", "{47D79A3E-27D9-403A-AC1D-77D291945127}"
EndProject
Project("{FAE04EC0-301F-11D3-BF4B-00C04F79EFBC}") = "ZJV.WordSearch.Mobile.iOS", "ZJV.WordSearch.Mobile.iOS\ZJV.WordSearch.Mobile.iOS.csproj", "{94C46B15-B8F3-42C7-B22D-2156F2ECA75E}"
EndProject
Project("{FAE04EC0-301F-11D3-BF4B-00C04F79EFBC}") = "ZJV.WordSearch.Mobile", "ZJV.WordSearch.Mobile\ZJV.WordSearch.Mobile.csproj", "{416D25B7-98E9-42AE-95D3-21C04DB37536}"
EndProject
Global
	GlobalSection(SolutionConfigurationPlatforms) = preSolution
		Debug|Any CPU = Debug|Any CPU
		Release|Any CPU = Release|Any CPU
		Debug|iPhoneSimulator = Debug|iPhoneSimulator
		Release|iPhoneSimulator = Release|iPhoneSimulator
		Debug|iPhone = Debug|iPhone
		Release|iPhone = Release|iPhone
	EndGlobalSection
	GlobalSection(ProjectConfigurationPlatforms) = postSolution
		{47D79A3E-27D9-403A-AC1D-77D291945127}.Debug|Any CPU.ActiveCfg = Debug|Any CPU
		{47D79A3E-27D9-403A-AC1D-77D291945127}.Debug|Any CPU.Build.0 = Debug|Any CPU
		{47D79A3E-27D9-403A-AC1D-77D291945127}.Release|Any CPU.ActiveCfg = Release|Any CPU
		{47D79A3E-27D9-403A-AC1D-77D291945127}.Release|Any CPU.Build.0 = Release|Any CPU
		{47D79A3E-27D9-403A-AC1D-77D291945127}.Debug|iPhoneSimulator.ActiveCfg = Debug|Any CPU
		{47D79A3E-27D9-403A-AC1D-77D291945127}.Debug|iPhoneSimulator.Build.0 = Debug|Any CPU
		{47D79A3E-27D9-403A-AC1D-77D291945127}.Release|iPhoneSimulator.ActiveCfg = Release|Any CPU
		{47D79A3E-27D9-403A-AC1D-77D291945127}.Release|iPhoneSimulator.Build.0 = Release|Any CPU
		{47D79A3E-27D9-403A-AC1D-77D291945127}.Debug|iPhone.ActiveCfg = Debug|Any CPU
		{47D79A3E-27D9-403A-AC1D-77D291945127}.Debug|iPhone.Build.0 = Debug|Any CPU
		{47D79A3E-27D9-403A-AC1D-77D291945127}.Release|iPhone.ActiveCfg = Release|Any CPU
		{47D79A3E-27D9-403A-AC1D-77D291945127}.Release|iPhone.Build.0 = Release|Any CPU
		{94C46B15-B8F3-42C7-B22D-2156F2ECA75E}.Debug|Any CPU.ActiveCfg = Debug|iPhoneSimulator
		{94C46B15-B8F3-42C7-B22D-2156F2ECA75E}.Debug|Any CPU.Build.0 = Debug|iPhoneSimulator
		{94C46B15-B8F3-42C7-B22D-2156F2ECA75E}.Release|Any CPU.ActiveCfg = Release|iPhoneSimulator
		{94C46B15-B8F3-42C7-B22D-2156F2ECA75E}.Release|Any CPU.Build.0 = Release|iPhoneSimulator
		{94C46B15-B8F3-42C7-B22D-2156F2ECA75E}.Debug|iPhoneSimulator.ActiveCfg = Debug|iPhoneSimulator
		{94C46B15-B8F3-42C7-B22D-2156F2ECA75E}.Debug|iPhoneSimulator.Build.0 = Debug|iPhoneSimulator
		{94C46B15-B8F3-42C7-B22D-2156F2ECA75E}.Release|iPhoneSimulator.ActiveCfg = Release|iPhoneSimulator
		{94C46B15-B8F3-42C7-B22D-2156F2ECA75E}.Release|iPhoneSimulator.Build.0 = Release|iPhoneSimulator
		{94C46B15-B8F3-42C7-B22D-2156F2ECA75E}.Debug|iPhone.ActiveCfg = Debug|iPhone
		{94C46B15-B8F3-42C7-B22D-2156F2ECA75E}.Debug|iPhone.Build.0 = Debug|iPhone
		{94C46B15-B8F3-42C7-B22D-2156F2ECA75E}.Release|iPhone.ActiveCfg = Release|iPhone
		{94C46B15-B8F3-42C7-B22D-2156F2ECA75E}.Release|iPhone.Build.0 = Release|iPhone
		{416D25B7-98E9-42AE-95D3-21C04DB37536}.Debug|Any CPU.ActiveCfg = Debug|Any CPU
		{416D25B7-98E9-42AE-95D3-21C04DB37536}.Debug|Any CPU.Build.0 = Debug|Any CPU
		{416D25B7-98E9-42AE-95D3-21C04DB37536}.Release|Any CPU.ActiveCfg = Release|Any CPU
		{416D25B7-98E9-42AE-95D3-21C04DB37536}.Release|Any CPU.Build.0 = Release|Any CPU
		{416D25B7-98E9-42AE-95D3-21C04DB37536}.Debug|iPhoneSimulator.ActiveCfg = Debug|Any CPU
		{416D25B7-98E9-42AE-95D3-21C04DB37536}.Debug|iPhoneSimulator.Build.0 = Debug|Any CPU
		{416D25B7-98E9-42AE-95D3-21C04DB37536}.Release|iPhoneSimulator.ActiveCfg = Release|Any CPU
		{416D25B7-98E9-42AE-95D3-21C04DB37536}.Release|iPhoneSimulator.Build.0 = Release|Any CPU
		{416D25B7-98E9-42AE-95D3-21C04DB37536}.Debug|iPhone.ActiveCfg = Debug|Any CPU
		{416D25B7-98E9-42AE-95D3-21C04DB37536}.Debug|iPhone.Build.0 = Debug|Any CPU
		{416D25B7-98E9-42AE-95D3-21C04DB37536}.Release|iPhone.ActiveCfg = Release|Any CPU
		{416D25B7-98E9-42AE-95D3-21C04DB37536}.Release|iPhone.Build.0 = Release|Any CPU
	EndGlobalSection
EndGlobal
